
Microsoft Visual Studio Solution File, Format Version 12.00
# Visual Studio Version 17
VisualStudioVersion = 17.2.32630.192
MinimumVisualStudioVersion = 10.0.40219.1
Project("{FAE04EC0-301F-11D3-BF4B-00C04F79EFBC}") = "jquery", "jquery\jquery.csproj", "{640F9319-99C2-4498-9988-2B7455154E19}"
EndProject
Global
	GlobalSection(SolutionConfigurationPlatforms) = preSolution
		Debug|Any CPU = Debug|Any CPU
		Release|Any CPU = Release|Any CPU
	EndGlobalSection
	GlobalSection(ProjectConfigurationPlatforms) = postSolution
		{640F9319-99C2-4498-9988-2B7455154E19}.Debug|Any CPU.ActiveCfg = Debug|Any CPU
		{640F9319-99C2-4498-9988-2B7455154E19}.Debug|Any CPU.Build.0 = Debug|Any CPU
		{640F9319-99C2-4498-9988-2B7455154E19}.Release|Any CPU.ActiveCfg = Release|Any CPU
		{640F9319-99C2-4498-9988-2B7455154E19}.Release|Any CPU.Build.0 = Release|Any CPU
	EndGlobalSection
	GlobalSection(SolutionProperties) = preSolution
		HideSolutionNode = FALSE
	EndGlobalSection
	GlobalSection(ExtensibilityGlobals) = postSolution
		SolutionGuid = {0DBA7868-3295-4748-B500-98B9CF30DB58}
	EndGlobalSection
EndGlobal
